
Microsoft Visual Studio Solution File, Format Version 12.00
# Visual Studio 15
VisualStudioVersion = 15.0.27004.2010
MinimumVisualStudioVersion = 10.0.40219.1
Project("{FAE04EC0-301F-11D3-BF4B-00C04F79EFBC}") = "ThemeLibrary3", "ThemeLibrary3\ThemeLibrary3.csproj", "{B6FF6041-0B14-4F45-BA4D-3EB2FA15AAB0}"
EndProject
Global
	GlobalSection(SolutionConfigurationPlatforms) = preSolution
		Debug|Any CPU = Debug|Any CPU
		Release|Any CPU = Release|Any CPU
	EndGlobalSection
	GlobalSection(ProjectConfigurationPlatforms) = postSolution
		{B6FF6041-0B14-4F45-BA4D-3EB2FA15AAB0}.Debug|Any CPU.ActiveCfg = Debug|Any CPU
		{B6FF6041-0B14-4F45-BA4D-3EB2FA15AAB0}.Debug|Any CPU.Build.0 = Debug|Any CPU
		{B6FF6041-0B14-4F45-BA4D-3EB2FA15AAB0}.Release|Any CPU.ActiveCfg = Release|Any CPU
		{B6FF6041-0B14-4F45-BA4D-3EB2FA15AAB0}.Release|Any CPU.Build.0 = Release|Any CPU
	EndGlobalSection
	GlobalSection(SolutionProperties) = preSolution
		HideSolutionNode = FALSE
	EndGlobalSection
	GlobalSection(ExtensibilityGlobals) = postSolution
		SolutionGuid = {A4AF338D-AA45-42D5-8B8A-E1F271BB60F1}
	EndGlobalSection
EndGlobal
