
Microsoft Visual Studio Solution File, Format Version 12.00
# Visual Studio 15
VisualStudioVersion = 15.0.27004.2010
MinimumVisualStudioVersion = 10.0.40219.1
Project("{FAE04EC0-301F-11D3-BF4B-00C04F79EFBC}") = "ThemeLibrary1", "ThemeLibrary1\ThemeLibrary1.csproj", "{94D6BD73-AE5F-4CBB-A8AA-2EA58CE2E71B}"
EndProject
Global
	GlobalSection(SolutionConfigurationPlatforms) = preSolution
		Debug|Any CPU = Debug|Any CPU
		Release|Any CPU = Release|Any CPU
	EndGlobalSection
	GlobalSection(ProjectConfigurationPlatforms) = postSolution
		{94D6BD73-AE5F-4CBB-A8AA-2EA58CE2E71B}.Debug|Any CPU.ActiveCfg = Debug|Any CPU
		{94D6BD73-AE5F-4CBB-A8AA-2EA58CE2E71B}.Debug|Any CPU.Build.0 = Debug|Any CPU
		{94D6BD73-AE5F-4CBB-A8AA-2EA58CE2E71B}.Release|Any CPU.ActiveCfg = Release|Any CPU
		{94D6BD73-AE5F-4CBB-A8AA-2EA58CE2E71B}.Release|Any CPU.Build.0 = Release|Any CPU
	EndGlobalSection
	GlobalSection(SolutionProperties) = preSolution
		HideSolutionNode = FALSE
	EndGlobalSection
	GlobalSection(ExtensibilityGlobals) = postSolution
		SolutionGuid = {15ADD7BA-1C86-4CC2-A0C7-D4756E059323}
	EndGlobalSection
EndGlobal
